
Microsoft Visual Studio Solution File, Format Version 12.00
# Visual Studio Version 16
VisualStudioVersion = 16.0.29609.76
MinimumVisualStudioVersion = 10.0.40219.1
Project("{FAE04EC0-301F-11D3-BF4B-00C04F79EFBC}") = "HSQL", "HSQL\HSQL.csproj", "{F022648A-6DF4-4708-B9FB-AF5D02026543}"
EndProject
Project("{FAE04EC0-301F-11D3-BF4B-00C04F79EFBC}") = "HSQL.MySQL", "HSQL.MySQL\HSQL.MySQL.csproj", "{4D898911-9D57-4E7E-8E7F-60BE257AECA3}"
EndProject
Project("{9A19103F-16F7-4668-BE54-9A1E7A4F7556}") = "HSQL.Test", "HSQL.Test\HSQL.Test.csproj", "{E6C78234-5F82-483B-A141-823004CB4EA2}"
EndProject
Project("{9A19103F-16F7-4668-BE54-9A1E7A4F7556}") = "HSQL.MSSQLServer", "HSQL.MSSQLServer\HSQL.MSSQLServer.csproj", "{F494EC02-39B7-420E-A8DE-521D071F67AF}"
EndProject
Global
	GlobalSection(SolutionConfigurationPlatforms) = preSolution
		Debug|Any CPU = Debug|Any CPU
		Release|Any CPU = Release|Any CPU
	EndGlobalSection
	GlobalSection(ProjectConfigurationPlatforms) = postSolution
		{F022648A-6DF4-4708-B9FB-AF5D02026543}.Debug|Any CPU.ActiveCfg = Debug|Any CPU
		{F022648A-6DF4-4708-B9FB-AF5D02026543}.Debug|Any CPU.Build.0 = Debug|Any CPU
		{F022648A-6DF4-4708-B9FB-AF5D02026543}.Release|Any CPU.ActiveCfg = Release|Any CPU
		{F022648A-6DF4-4708-B9FB-AF5D02026543}.Release|Any CPU.Build.0 = Release|Any CPU
		{4D898911-9D57-4E7E-8E7F-60BE257AECA3}.Debug|Any CPU.ActiveCfg = Debug|Any CPU
		{4D898911-9D57-4E7E-8E7F-60BE257AECA3}.Debug|Any CPU.Build.0 = Debug|Any CPU
		{4D898911-9D57-4E7E-8E7F-60BE257AECA3}.Release|Any CPU.ActiveCfg = Release|Any CPU
		{4D898911-9D57-4E7E-8E7F-60BE257AECA3}.Release|Any CPU.Build.0 = Release|Any CPU
		{E6C78234-5F82-483B-A141-823004CB4EA2}.Debug|Any CPU.ActiveCfg = Debug|Any CPU
		{E6C78234-5F82-483B-A141-823004CB4EA2}.Debug|Any CPU.Build.0 = Debug|Any CPU
		{E6C78234-5F82-483B-A141-823004CB4EA2}.Release|Any CPU.ActiveCfg = Release|Any CPU
		{E6C78234-5F82-483B-A141-823004CB4EA2}.Release|Any CPU.Build.0 = Release|Any CPU
		{F494EC02-39B7-420E-A8DE-521D071F67AF}.Debug|Any CPU.ActiveCfg = Debug|Any CPU
		{F494EC02-39B7-420E-A8DE-521D071F67AF}.Debug|Any CPU.Build.0 = Debug|Any CPU
		{F494EC02-39B7-420E-A8DE-521D071F67AF}.Release|Any CPU.ActiveCfg = Release|Any CPU
		{F494EC02-39B7-420E-A8DE-521D071F67AF}.Release|Any CPU.Build.0 = Release|Any CPU
	EndGlobalSection
	GlobalSection(SolutionProperties) = preSolution
		HideSolutionNode = FALSE
	EndGlobalSection
	GlobalSection(ExtensibilityGlobals) = postSolution
		SolutionGuid = {E72F8B6C-5DBF-4E1D-A442-2584ABE4A5B3}
	EndGlobalSection
EndGlobal
